// !$*UTF8*$!
{
	archiveVersion = 1;
	classes = {
	};
	objectVersion = 50;
	objects = {

/* Begin PBXBuildFile section */
		5DD9A1552667AFBF00B0619F /* AppDelegate.swift in Sources */ = {isa = PBXBuildFile; fileRef = 5DD9A1542667AFBF00B0619F /* AppDelegate.swift */; };
		5DD9A1572667AFBF00B0619F /* SceneDelegate.swift in Sources */ = {isa = PBXBuildFile; fileRef = 5DD9A1562667AFBF00B0619F /* SceneDelegate.swift */; };
		5DD9A1592667AFBF00B0619F /* ViewController.swift in Sources */ = {isa = PBXBuildFile; fileRef = 5DD9A1582667AFBF00B0619F /* ViewController.swift */; };
		5DD9A15C2667AFBF00B0619F /* Main.storyboard in Resources */ = {isa = PBXBuildFile; fileRef = 5DD9A15A2667AFBF00B0619F /* Main.storyboard */; };
		5DD9A15E2667AFCA00B0619F /* Assets.xcassets in Resources */ = {isa = PBXBuildFile; fileRef = 5DD9A15D2667AFCA00B0619F /* Assets.xcassets */; };
		5DD9A1612667AFCA00B0619F /* LaunchScreen.storyboard in Resources */ = {isa = PBXBuildFile; fileRef = 5DD9A15F2667AFCA00B0619F /* LaunchScreen.storyboard */; };
		5DD9A16C2667AFCA00B0619F /* CounterAppWithRxSwiftTests.swift in Sources */ = {isa = PBXBuildFile; fileRef = 5DD9A16B2667AFCA00B0619F /* CounterAppWithRxSwiftTests.swift */; };
		5DD9A1772667AFCA00B0619F /* CounterAppWithRxSwiftUITests.swift in Sources */ = {isa = PBXBuildFile; fileRef = 5DD9A1762667AFCA00B0619F /* CounterAppWithRxSwiftUITests.swift */; };
		890FCE12185BB20E26891CC6 /* Pods_CounterAppWithRxSwift_CounterAppWithRxSwiftUITests.framework in Frameworks */ = {isa = PBXBuildFile; fileRef = 9DD256F2BE96AD89042E44C7 /* Pods_CounterAppWithRxSwift_CounterAppWithRxSwiftUITests.framework */; };
		C79C66B997CD6B52FB2BA270 /* Pods_CounterAppWithRxSwift.framework in Frameworks */ = {isa = PBXBuildFile; fileRef = F9C355317E8141AFBBA8D947 /* Pods_CounterAppWithRxSwift.framework */; };
		DCFB1F9CE4AAEF8342D840D4 /* Pods_CounterAppWithRxSwiftTests.framework in Frameworks */ = {isa = PBXBuildFile; fileRef = F9D71120F8C85A7B9B22FC56 /* Pods_CounterAppWithRxSwiftTests.framework */; };
/* End PBXBuildFile section */

/* Begin PBXContainerItemProxy section */
		5DD9A1682667AFCA00B0619F /* PBXContainerItemProxy */ = {
			isa = PBXContainerItemProxy;
			containerPortal = 5DD9A1492667AFBF00B0619F /* Project object */;
			proxyType = 1;
			remoteGlobalIDString = 5DD9A1502667AFBF00B0619F;
			remoteInfo = CounterAppWithRxSwift;
		};
		5DD9A1732667AFCA00B0619F /* PBXContainerItemProxy */ = {
			isa = PBXContainerItemProxy;
			containerPortal = 5DD9A1492667AFBF00B0619F /* Project object */;
			proxyType = 1;
			remoteGlobalIDString = 5DD9A1502667AFBF00B0619F;
			remoteInfo = CounterAppWithRxSwift;
		};
/* End PBXContainerItemProxy section */

/* Begin PBXFileReference section */
		00B5EF49EAD2925B2C228F0B /* Pods-CounterAppWithRxSwift-CounterAppWithRxSwiftUITests.release.xcconfig */ = {isa = PBXFileReference; includeInIndex = 1; lastKnownFileType = text.xcconfig; name = "Pods-CounterAppWithRxSwift-CounterAppWithRxSwiftUITests.release.xcconfig"; path = "Target Support Files/Pods-CounterAppWithRxSwift-CounterAppWithRxSwiftUITests/Pods-CounterAppWithRxSwift-CounterAppWithRxSwiftUITests.release.xcconfig"; sourceTree = "<group>"; };
		409BC4692B2033CC738E1484 /* Pods-CounterAppWithRxSwift-CounterAppWithRxSwiftUITests.debug.xcconfig */ = {isa = PBXFileReference; includeInIndex = 1; lastKnownFileType = text.xcconfig; name = "Pods-CounterAppWithRxSwift-CounterAppWithRxSwiftUITests.debug.xcconfig"; path = "Target Support Files/Pods-CounterAppWithRxSwift-CounterAppWithRxSwiftUITests/Pods-CounterAppWithRxSwift-CounterAppWithRxSwiftUITests.debug.xcconfig"; sourceTree = "<group>"; };
		4D4B03BF4EF8C81DDEB611D7 /* Pods-CounterAppWithRxSwift.debug.xcconfig */ = {isa = PBXFileReference; includeInIndex = 1; lastKnownFileType = text.xcconfig; name = "Pods-CounterAppWithRxSwift.debug.xcconfig"; path = "Target Support Files/Pods-CounterAppWithRxSwift/Pods-CounterAppWithRxSwift.debug.xcconfig"; sourceTree = "<group>"; };
		5DD9A1512667AFBF00B0619F /* CounterAppWithRxSwift.app */ = {isa = PBXFileReference; explicitFileType = wrapper.application; includeInIndex = 0; path = CounterAppWithRxSwift.app; sourceTree = BUILT_PRODUCTS_DIR; };
		5DD9A1542667AFBF00B0619F /* AppDelegate.swift */ = {isa = PBXFileReference; lastKnownFileType = sourcecode.swift; path = AppDelegate.swift; sourceTree = "<group>"; };
		5DD9A1562667AFBF00B0619F /* SceneDelegate.swift */ = {isa = PBXFileReference; lastKnownFileType = sourcecode.swift; path = SceneDelegate.swift; sourceTree = "<group>"; };
		5DD9A1582667AFBF00B0619F /* ViewController.swift */ = {isa = PBXFileReference; lastKnownFileType = sourcecode.swift; path = ViewController.swift; sourceTree = "<group>"; };
		5DD9A15B2667AFBF00B0619F /* Base */ = {isa = PBXFileReference; lastKnownFileType = file.storyboard; name = Base; path = Base.lproj/Main.storyboard; sourceTree = "<group>"; };
		5DD9A15D2667AFCA00B0619F /* Assets.xcassets */ = {isa = PBXFileReference; lastKnownFileType = folder.assetcatalog; path = Assets.xcassets; sourceTree = "<group>"; };
		5DD9A1602667AFCA00B0619F /* Base */ = {isa = PBXFileReference; lastKnownFileType = file.storyboard; name = Base; path = Base.lproj/LaunchScreen.storyboard; sourceTree = "<group>"; };
		5DD9A1622667AFCA00B0619F /* Info.plist */ = {isa = PBXFileReference; lastKnownFileType = text.plist.xml; path = Info.plist; sourceTree = "<group>"; };
		5DD9A1672667AFCA00B0619F /* CounterAppWithRxSwiftTests.xctest */ = {isa = PBXFileReference; explicitFileType = wrapper.cfbundle; includeInIndex = 0; path = CounterAppWithRxSwiftTests.xctest; sourceTree = BUILT_PRODUCTS_DIR; };
		5DD9A16B2667AFCA00B0619F /* CounterAppWithRxSwiftTests.swift */ = {isa = PBXFileReference; lastKnownFileType = sourcecode.swift; path = CounterAppWithRxSwiftTests.swift; sourceTree = "<group>"; };
		5DD9A16D2667AFCA00B0619F /* Info.plist */ = {isa = PBXFileReference; lastKnownFileType = text.plist.xml; path = Info.plist; sourceTree = "<group>"; };
		5DD9A1722667AFCA00B0619F /* CounterAppWithRxSwiftUITests.xctest */ = {isa = PBXFileReference; explicitFileType = wrapper.cfbundle; includeInIndex = 0; path = CounterAppWithRxSwiftUITests.xctest; sourceTree = BUILT_PRODUCTS_DIR; };
		5DD9A1762667AFCA00B0619F /* CounterAppWithRxSwiftUITests.swift */ = {isa = PBXFileReference; lastKnownFileType = sourcecode.swift; path = CounterAppWithRxSwiftUITests.swift; sourceTree = "<group>"; };
		5DD9A1782667AFCA00B0619F /* Info.plist */ = {isa = PBXFileReference; lastKnownFileType = text.plist.xml; path = Info.plist; sourceTree = "<group>"; };
		72FCC967C29C756CCD6D26A8 /* Pods-CounterAppWithRxSwiftTests.release.xcconfig */ = {isa = PBXFileReference; includeInIndex = 1; lastKnownFileType = text.xcconfig; name = "Pods-CounterAppWithRxSwiftTests.release.xcconfig"; path = "Target Support Files/Pods-CounterAppWithRxSwiftTests/Pods-CounterAppWithRxSwiftTests.release.xcconfig"; sourceTree = "<group>"; };
		7B1CADB657FD46B404D4D834 /* Pods-CounterAppWithRxSwift.release.xcconfig */ = {isa = PBXFileReference; includeInIndex = 1; lastKnownFileType = text.xcconfig; name = "Pods-CounterAppWithRxSwift.release.xcconfig"; path = "Target Support Files/Pods-CounterAppWithRxSwift/Pods-CounterAppWithRxSwift.release.xcconfig"; sourceTree = "<group>"; };
		9DD256F2BE96AD89042E44C7 /* Pods_CounterAppWithRxSwift_CounterAppWithRxSwiftUITests.framework */ = {isa = PBXFileReference; explicitFileType = wrapper.framework; includeInIndex = 0; path = Pods_CounterAppWithRxSwift_CounterAppWithRxSwiftUITests.framework; sourceTree = BUILT_PRODUCTS_DIR; };
		C9665DD27E093C7F3C54A38A /* Pods-CounterAppWithRxSwiftTests.debug.xcconfig */ = {isa = PBXFileReference; includeInIndex = 1; lastKnownFileType = text.xcconfig; name = "Pods-CounterAppWithRxSwiftTests.debug.xcconfig"; path = "Target Support Files/Pods-CounterAppWithRxSwiftTests/Pods-CounterAppWithRxSwiftTests.debug.xcconfig"; sourceTree = "<group>"; };
		F9C355317E8141AFBBA8D947 /* Pods_CounterAppWithRxSwift.framework */ = {isa = PBXFileReference; explicitFileType = wrapper.framework; includeInIndex = 0; path = Pods_CounterAppWithRxSwift.framework; sourceTree = BUILT_PRODUCTS_DIR; };
		F9D71120F8C85A7B9B22FC56 /* Pods_CounterAppWithRxSwiftTests.framework */ = {isa = PBXFileReference; explicitFileType = wrapper.framework; includeInIndex = 0; path = Pods_CounterAppWithRxSwiftTests.framework; sourceTree = BUILT_PRODUCTS_DIR; };
/* End PBXFileReference section */

/* Begin PBXFrameworksBuildPhase section */
		5DD9A14E2667AFBF00B0619F /* Frameworks */ = {
			isa = PBXFrameworksBuildPhase;
			buildActionMask = 2147483647;
			files = (
				C79C66B997CD6B52FB2BA270 /* Pods_CounterAppWithRxSwift.framework in Frameworks */,
			);
			runOnlyForDeploymentPostprocessing = 0;
		};
		5DD9A1642667AFCA00B0619F /* Frameworks */ = {
			isa = PBXFrameworksBuildPhase;
			buildActionMask = 2147483647;
			files = (
				DCFB1F9CE4AAEF8342D840D4 /* Pods_CounterAppWithRxSwiftTests.framework in Frameworks */,
			);
			runOnlyForDeploymentPostprocessing = 0;
		};
		5DD9A16F2667AFCA00B0619F /* Frameworks */ = {
			isa = PBXFrameworksBuildPhase;
			buildActionMask = 2147483647;
			files = (
				890FCE12185BB20E26891CC6 /* Pods_CounterAppWithRxSwift_CounterAppWithRxSwiftUITests.framework in Frameworks */,
			);
			runOnlyForDeploymentPostprocessing = 0;
		};
/* End PBXFrameworksBuildPhase section */

/* Begin PBXGroup section */
		52110ED0144F0FA2E6DD6210 /* Pods */ = {
			isa = PBXGroup;
			children = (
				4D4B03BF4EF8C81DDEB611D7 /* Pods-CounterAppWithRxSwift.debug.xcconfig */,
				7B1CADB657FD46B404D4D834 /* Pods-CounterAppWithRxSwift.release.xcconfig */,
				409BC4692B2033CC738E1484 /* Pods-CounterAppWithRxSwift-CounterAppWithRxSwiftUITests.debug.xcconfig */,
				00B5EF49EAD2925B2C228F0B /* Pods-CounterAppWithRxSwift-CounterAppWithRxSwiftUITests.release.xcconfig */,
				C9665DD27E093C7F3C54A38A /* Pods-CounterAppWithRxSwiftTests.debug.xcconfig */,
				72FCC967C29C756CCD6D26A8 /* Pods-CounterAppWithRxSwiftTests.release.xcconfig */,
			);
			name = Pods;
			path = Pods;
			sourceTree = "<group>";
		};
		53DE57117D00502DC8E814E8 /* Frameworks */ = {
			isa = PBXGroup;
			children = (
				F9C355317E8141AFBBA8D947 /* Pods_CounterAppWithRxSwift.framework */,
				9DD256F2BE96AD89042E44C7 /* Pods_CounterAppWithRxSwift_CounterAppWithRxSwiftUITests.framework */,
				F9D71120F8C85A7B9B22FC56 /* Pods_CounterAppWithRxSwiftTests.framework */,
			);
			name = Frameworks;
			sourceTree = "<group>";
		};
		5DD9A1482667AFBF00B0619F = {
			isa = PBXGroup;
			children = (
				5DD9A1532667AFBF00B0619F /* CounterAppWithRxSwift */,
				5DD9A16A2667AFCA00B0619F /* CounterAppWithRxSwiftTests */,
				5DD9A1752667AFCA00B0619F /* CounterAppWithRxSwiftUITests */,
				5DD9A1522667AFBF00B0619F /* Products */,
				52110ED0144F0FA2E6DD6210 /* Pods */,
				53DE57117D00502DC8E814E8 /* Frameworks */,
			);
			sourceTree = "<group>";
		};
		5DD9A1522667AFBF00B0619F /* Products */ = {
			isa = PBXGroup;
			children = (
				5DD9A1512667AFBF00B0619F /* CounterAppWithRxSwift.app */,
				5DD9A1672667AFCA00B0619F /* CounterAppWithRxSwiftTests.xctest */,
				5DD9A1722667AFCA00B0619F /* CounterAppWithRxSwiftUITests.xctest */,
			);
			name = Products;
			sourceTree = "<group>";
		};
		5DD9A1532667AFBF00B0619F /* CounterAppWithRxSwift */ = {
			isa = PBXGroup;
			children = (
				5DD9A1542667AFBF00B0619F /* AppDelegate.swift */,
				5DD9A1562667AFBF00B0619F /* SceneDelegate.swift */,
				5DD9A1582667AFBF00B0619F /* ViewController.swift */,
				5DD9A15A2667AFBF00B0619F /* Main.storyboard */,
				5DD9A15D2667AFCA00B0619F /* Assets.xcassets */,
				5DD9A15F2667AFCA00B0619F /* LaunchScreen.storyboard */,
				5DD9A1622667AFCA00B0619F /* Info.plist */,
			);
			path = CounterAppWithRxSwift;
			sourceTree = "<group>";
		};
		5DD9A16A2667AFCA00B0619F /* CounterAppWithRxSwiftTests */ = {
			isa = PBXGroup;
			children = (
				5DD9A16B2667AFCA00B0619F /* CounterAppWithRxSwiftTests.swift */,
				5DD9A16D2667AFCA00B0619F /* Info.plist */,
			);
			path = CounterAppWithRxSwiftTests;
			sourceTree = "<group>";
		};
		5DD9A1752667AFCA00B0619F /* CounterAppWithRxSwiftUITests */ = {
			isa = PBXGroup;
			children = (
				5DD9A1762667AFCA00B0619F /* CounterAppWithRxSwiftUITests.swift */,
				5DD9A1782667AFCA00B0619F /* Info.plist */,
			);
			path = CounterAppWithRxSwiftUITests;
			sourceTree = "<group>";
		};
/* End PBXGroup section */

/* Begin PBXNativeTarget section */
		5DD9A1502667AFBF00B0619F /* CounterAppWithRxSwift */ = {
			isa = PBXNativeTarget;
			buildConfigurationList = 5DD9A17B2667AFCA00B0619F /* Build configuration list for PBXNativeTarget "CounterAppWithRxSwift" */;
			buildPhases = (
				4CCF81472E19513B248D8268 /* [CP] Check Pods Manifest.lock */,
				5DD9A14D2667AFBF00B0619F /* Sources */,
				5DD9A14E2667AFBF00B0619F /* Frameworks */,
				5DD9A14F2667AFBF00B0619F /* Resources */,
				E994A51C5D585114A2DE95A4 /* [CP] Embed Pods Frameworks */,
			);
			buildRules = (
			);
			dependencies = (
			);
			name = CounterAppWithRxSwift;
			productName = CounterAppWithRxSwift;
			productReference = 5DD9A1512667AFBF00B0619F /* CounterAppWithRxSwift.app */;
			productType = "com.apple.product-type.application";
		};
		5DD9A1662667AFCA00B0619F /* CounterAppWithRxSwiftTests */ = {
			isa = PBXNativeTarget;
			buildConfigurationList = 5DD9A17E2667AFCA00B0619F /* Build configuration list for PBXNativeTarget "CounterAppWithRxSwiftTests" */;
			buildPhases = (
				66126B2ED38709804556821A /* [CP] Check Pods Manifest.lock */,
				5DD9A1632667AFCA00B0619F /* Sources */,
				5DD9A1642667AFCA00B0619F /* Frameworks */,
				5DD9A1652667AFCA00B0619F /* Resources */,
			);
			buildRules = (
			);
			dependencies = (
				5DD9A1692667AFCA00B0619F /* PBXTargetDependency */,
			);
			name = CounterAppWithRxSwiftTests;
			productName = CounterAppWithRxSwiftTests;
			productReference = 5DD9A1672667AFCA00B0619F /* CounterAppWithRxSwiftTests.xctest */;
			productType = "com.apple.product-type.bundle.unit-test";
		};
		5DD9A1712667AFCA00B0619F /* CounterAppWithRxSwiftUITests */ = {
			isa = PBXNativeTarget;
			buildConfigurationList = 5DD9A1812667AFCA00B0619F /* Build configuration list for PBXNativeTarget "CounterAppWithRxSwiftUITests" */;
			buildPhases = (
				C10C67A9674975059BFB75FD /* [CP] Check Pods Manifest.lock */,
				5DD9A16E2667AFCA00B0619F /* Sources */,
				5DD9A16F2667AFCA00B0619F /* Frameworks */,
				5DD9A1702667AFCA00B0619F /* Resources */,
				FEF059931050BA747CD0B253 /* [CP] Embed Pods Frameworks */,
			);
			buildRules = (
			);
			dependencies = (
				5DD9A1742667AFCA00B0619F /* PBXTargetDependency */,
			);
			name = CounterAppWithRxSwiftUITests;
			productName = CounterAppWithRxSwiftUITests;
			productReference = 5DD9A1722667AFCA00B0619F /* CounterAppWithRxSwiftUITests.xctest */;
			productType = "com.apple.product-type.bundle.ui-testing";
		};
/* End PBXNativeTarget section */

/* Begin PBXProject section */
		5DD9A1492667AFBF00B0619F /* Project object */ = {
			isa = PBXProject;
			attributes = {
				LastSwiftUpdateCheck = 1250;
				LastUpgradeCheck = 1250;
				TargetAttributes = {
					5DD9A1502667AFBF00B0619F = {
						CreatedOnToolsVersion = 12.5;
					};
					5DD9A1662667AFCA00B0619F = {
						CreatedOnToolsVersion = 12.5;
						TestTargetID = 5DD9A1502667AFBF00B0619F;
					};
					5DD9A1712667AFCA00B0619F = {
						CreatedOnToolsVersion = 12.5;
						TestTargetID = 5DD9A1502667AFBF00B0619F;
					};
				};
			};
			buildConfigurationList = 5DD9A14C2667AFBF00B0619F /* Build configuration list for PBXProject "CounterAppWithRxSwift" */;
			compatibilityVersion = "Xcode 9.3";
			developmentRegion = en;
			hasScannedForEncodings = 0;
			knownRegions = (
				en,
				Base,
			);
			mainGroup = 5DD9A1482667AFBF00B0619F;
			productRefGroup = 5DD9A1522667AFBF00B0619F /* Products */;
			projectDirPath = "";
			projectRoot = "";
			targets = (
				5DD9A1502667AFBF00B0619F /* CounterAppWithRxSwift */,
				5DD9A1662667AFCA00B0619F /* CounterAppWithRxSwiftTests */,
				5DD9A1712667AFCA00B0619F /* CounterAppWithRxSwiftUITests */,
			);
		};
/* End PBXProject section */

/* Begin PBXResourcesBuildPhase section */
		5DD9A14F2667AFBF00B0619F /* Resources */ = {
			isa = PBXResourcesBuildPhase;
			buildActionMask = 2147483647;
			files = (
				5DD9A1612667AFCA00B0619F /* LaunchScreen.storyboard in Resources */,
				5DD9A15E2667AFCA00B0619F /* Assets.xcassets in Resources */,
				5DD9A15C2667AFBF00B0619F /* Main.storyboard in Resources */,
			);
			runOnlyForDeploymentPostprocessing = 0;
		};
		5DD9A1652667AFCA00B0619F /* Resources */ = {
			isa = PBXResourcesBuildPhase;
			buildActionMask = 2147483647;
			files = (
			);
			runOnlyForDeploymentPostprocessing = 0;
		};
		5DD9A1702667AFCA00B0619F /* Resources */ = {
			isa = PBXResourcesBuildPhase;
			buildActionMask = 2147483647;
			files = (
			);
			runOnlyForDeploymentPostprocessing = 0;
		};
/* End PBXResourcesBuildPhase section */

/* Begin PBXShellScriptBuildPhase section */
		4CCF81472E19513B248D8268 /* [CP] Check Pods Manifest.lock */ = {
			isa = PBXShellScriptBuildPhase;
			buildActionMask = 2147483647;
			files = (
			);
			inputFileListPaths = (
			);
			inputPaths = (
				"${PODS_PODFILE_DIR_PATH}/Podfile.lock",
				"${PODS_ROOT}/Manifest.lock",
			);
			name = "[CP] Check Pods Manifest.lock";
			outputFileListPaths = (
			);
			outputPaths = (
				"$(DERIVED_FILE_DIR)/Pods-CounterAppWithRxSwift-checkManifestLockResult.txt",
			);
			runOnlyForDeploymentPostprocessing = 0;
			shellPath = /bin/sh;
			shellScript = "diff \"${PODS_PODFILE_DIR_PATH}/Podfile.lock\" \"${PODS_ROOT}/Manifest.lock\" > /dev/null\nif [ $? != 0 ] ; then\n    # print error to STDERR\n    echo \"error: The sandbox is not in sync with the Podfile.lock. Run 'pod install' or update your CocoaPods installation.\" >&2\n    exit 1\nfi\n# This output is used by Xcode 'outputs' to avoid re-running this script phase.\necho \"SUCCESS\" > \"${SCRIPT_OUTPUT_FILE_0}\"\n";
			showEnvVarsInLog = 0;
		};
		66126B2ED38709804556821A /* [CP] Check Pods Manifest.lock */ = {
			isa = PBXShellScriptBuildPhase;
			buildActionMask = 2147483647;
			files = (
			);
			inputFileListPaths = (
			);
			inputPaths = (
				"${PODS_PODFILE_DIR_PATH}/Podfile.lock",
				"${PODS_ROOT}/Manifest.lock",
			);
			name = "[CP] Check Pods Manifest.lock";
			outputFileListPaths = (
			);
			outputPaths = (
				"$(DERIVED_FILE_DIR)/Pods-CounterAppWithRxSwiftTests-checkManifestLockResult.txt",
			);
			runOnlyForDeploymentPostprocessing = 0;
			shellPath = /bin/sh;
			shellScript = "diff \"${PODS_PODFILE_DIR_PATH}/Podfile.lock\" \"${PODS_ROOT}/Manifest.lock\" > /dev/null\nif [ $? != 0 ] ; then\n    # print error to STDERR\n    echo \"error: The sandbox is not in sync with the Podfile.lock. Run 'pod install' or update your CocoaPods installation.\" >&2\n    exit 1\nfi\n# This output is used by Xcode 'outputs' to avoid re-running this script phase.\necho \"SUCCESS\" > \"${SCRIPT_OUTPUT_FILE_0}\"\n";
			showEnvVarsInLog = 0;
		};
		C10C67A9674975059BFB75FD /* [CP] Check Pods Manifest.lock */ = {
			isa = PBXShellScriptBuildPhase;
			buildActionMask = 2147483647;
			files = (
			);
			inputFileListPaths = (
			);
			inputPaths = (
				"${PODS_PODFILE_DIR_PATH}/Podfile.lock",
				"${PODS_ROOT}/Manifest.lock",
			);
			name = "[CP] Check Pods Manifest.lock";
			outputFileListPaths = (
			);
			outputPaths = (
				"$(DERIVED_FILE_DIR)/Pods-CounterAppWithRxSwift-CounterAppWithRxSwiftUITests-checkManifestLockResult.txt",
			);
			runOnlyForDeploymentPostprocessing = 0;
			shellPath = /bin/sh;
			shellScript = "diff \"${PODS_PODFILE_DIR_PATH}/Podfile.lock\" \"${PODS_ROOT}/Manifest.lock\" > /dev/null\nif [ $? != 0 ] ; then\n    # print error to STDERR\n    echo \"error: The sandbox is not in sync with the Podfile.lock. Run 'pod install' or update your CocoaPods installation.\" >&2\n    exit 1\nfi\n# This output is used by Xcode 'outputs' to avoid re-running this script phase.\necho \"SUCCESS\" > \"${SCRIPT_OUTPUT_FILE_0}\"\n";
			showEnvVarsInLog = 0;
		};
		E994A51C5D585114A2DE95A4 /* [CP] Embed Pods Frameworks */ = {
			isa = PBXShellScriptBuildPhase;
			buildActionMask = 2147483647;
			files = (
			);
			inputFileListPaths = (
				"${PODS_ROOT}/Target Support Files/Pods-CounterAppWithRxSwift/Pods-CounterAppWithRxSwift-frameworks-${CONFIGURATION}-input-files.xcfilelist",
			);
			name = "[CP] Embed Pods Frameworks";
			outputFileListPaths = (
				"${PODS_ROOT}/Target Support Files/Pods-CounterAppWithRxSwift/Pods-CounterAppWithRxSwift-frameworks-${CONFIGURATION}-output-files.xcfilelist",
			);
			runOnlyForDeploymentPostprocessing = 0;
			shellPath = /bin/sh;
			shellScript = "\"${PODS_ROOT}/Target Support Files/Pods-CounterAppWithRxSwift/Pods-CounterAppWithRxSwift-frameworks.sh\"\n";
			showEnvVarsInLog = 0;
		};
		FEF059931050BA747CD0B253 /* [CP] Embed Pods Frameworks */ = {
			isa = PBXShellScriptBuildPhase;
			buildActionMask = 2147483647;
			files = (
			);
			inputFileListPaths = (
				"${PODS_ROOT}/Target Support Files/Pods-CounterAppWithRxSwift-CounterAppWithRxSwiftUITests/Pods-CounterAppWithRxSwift-CounterAppWithRxSwiftUITests-frameworks-${CONFIGURATION}-input-files.xcfilelist",
			);
			name = "[CP] Embed Pods Frameworks";
			outputFileListPaths = (
				"${PODS_ROOT}/Target Support Files/Pods-CounterAppWithRxSwift-CounterAppWithRxSwiftUITests/Pods-CounterAppWithRxSwift-CounterAppWithRxSwiftUITests-frameworks-${CONFIGURATION}-output-files.xcfilelist",
			);
			runOnlyForDeploymentPostprocessing = 0;
			shellPath = /bin/sh;
			shellScript = "\"${PODS_ROOT}/Target Support Files/Pods-CounterAppWithRxSwift-CounterAppWithRxSwiftUITests/Pods-CounterAppWithRxSwift-CounterAppWithRxSwiftUITests-frameworks.sh\"\n";
			showEnvVarsInLog = 0;
		};
/* End PBXShellScriptBuildPhase section */

/* Begin PBXSourcesBuildPhase section */
		5DD9A14D2667AFBF00B0619F /* Sources */ = {
			isa = PBXSourcesBuildPhase;
			buildActionMask = 2147483647;
			files = (
				5DD9A1592667AFBF00B0619F /* ViewController.swift in Sources */,
				5DD9A1552667AFBF00B0619F /* AppDelegate.swift in Sources */,
				5DD9A1572667AFBF00B0619F /* SceneDelegate.swift in Sources */,
			);
			runOnlyForDeploymentPostprocessing = 0;
		};
		5DD9A1632667AFCA00B0619F /* Sources */ = {
			isa = PBXSourcesBuildPhase;
			buildActionMask = 2147483647;
			files = (
				5DD9A16C2667AFCA00B0619F /* CounterAppWithRxSwiftTests.swift in Sources */,
			);
			runOnlyForDeploymentPostprocessing = 0;
		};
		5DD9A16E2667AFCA00B0619F /* Sources */ = {
			isa = PBXSourcesBuildPhase;
			buildActionMask = 2147483647;
			files = (
				5DD9A1772667AFCA00B0619F /* CounterAppWithRxSwiftUITests.swift in Sources */,
			);
			runOnlyForDeploymentPostprocessing = 0;
		};
/* End PBXSourcesBuildPhase section */

/* Begin PBXTargetDependency section */
		5DD9A1692667AFCA00B0619F /* PBXTargetDependency */ = {
			isa = PBXTargetDependency;
			target = 5DD9A1502667AFBF00B0619F /* CounterAppWithRxSwift */;
			targetProxy = 5DD9A1682667AFCA00B0619F /* PBXContainerItemProxy */;
		};
		5DD9A1742667AFCA00B0619F /* PBXTargetDependency */ = {
			isa = PBXTargetDependency;
			target = 5DD9A1502667AFBF00B0619F /* CounterAppWithRxSwift */;
			targetProxy = 5DD9A1732667AFCA00B0619F /* PBXContainerItemProxy */;
		};
/* End PBXTargetDependency section */

/* Begin PBXVariantGroup section */
		5DD9A15A2667AFBF00B0619F /* Main.storyboard */ = {
			isa = PBXVariantGroup;
			children = (
				5DD9A15B2667AFBF00B0619F /* Base */,
			);
			name = Main.storyboard;
			sourceTree = "<group>";
		};
		5DD9A15F2667AFCA00B0619F /* LaunchScreen.storyboard */ = {
			isa = PBXVariantGroup;
			children = (
				5DD9A1602667AFCA00B0619F /* Base */,
			);
			name = LaunchScreen.storyboard;
			sourceTree = "<group>";
		};
/* End PBXVariantGroup section */

/* Begin XCBuildConfiguration section */
		5DD9A1792667AFCA00B0619F /* Debug */ = {
			isa = XCBuildConfiguration;
			buildSettings = {
				ALWAYS_SEARCH_USER_PATHS = NO;
				CLANG_ANALYZER_NONNULL = YES;
				CLANG_ANALYZER_NUMBER_OBJECT_CONVERSION = YES_AGGRESSIVE;
				CLANG_CXX_LANGUAGE_STANDARD = "gnu++14";
				CLANG_CXX_LIBRARY = "libc++";
				CLANG_ENABLE_MODULES = YES;
				CLANG_ENABLE_OBJC_ARC = YES;
				CLANG_ENABLE_OBJC_WEAK = YES;
				CLANG_WARN_BLOCK_CAPTURE_AUTORELEASING = YES;
				CLANG_WARN_BOOL_CONVERSION = YES;
				CLANG_WARN_COMMA = YES;
				CLANG_WARN_CONSTANT_CONVERSION = YES;
				CLANG_WARN_DEPRECATED_OBJC_IMPLEMENTATIONS = YES;
				CLANG_WARN_DIRECT_OBJC_ISA_USAGE = YES_ERROR;
				CLANG_WARN_DOCUMENTATION_COMMENTS = YES;
				CLANG_WARN_EMPTY_BODY = YES;
				CLANG_WARN_ENUM_CONVERSION = YES;
				CLANG_WARN_INFINITE_RECURSION = YES;
				CLANG_WARN_INT_CONVERSION = YES;
				CLANG_WARN_NON_LITERAL_NULL_CONVERSION = YES;
				CLANG_WARN_OBJC_IMPLICIT_RETAIN_SELF = YES;
				CLANG_WARN_OBJC_LITERAL_CONVERSION = YES;
				CLANG_WARN_OBJC_ROOT_CLASS = YES_ERROR;
				CLANG_WARN_QUOTED_INCLUDE_IN_FRAMEWORK_HEADER = YES;
				CLANG_WARN_RANGE_LOOP_ANALYSIS = YES;
				CLANG_WARN_STRICT_PROTOTYPES = YES;
				CLANG_WARN_SUSPICIOUS_MOVE = YES;
				CLANG_WARN_UNGUARDED_AVAILABILITY = YES_AGGRESSIVE;
				CLANG_WARN_UNREACHABLE_CODE = YES;
				CLANG_WARN__DUPLICATE_METHOD_MATCH = YES;
				COPY_PHASE_STRIP = NO;
				DEBUG_INFORMATION_FORMAT = dwarf;
				ENABLE_STRICT_OBJC_MSGSEND = YES;
				ENABLE_TESTABILITY = YES;
				GCC_C_LANGUAGE_STANDARD = gnu11;
				GCC_DYNAMIC_NO_PIC = NO;
				GCC_NO_COMMON_BLOCKS = YES;
				GCC_OPTIMIZATION_LEVEL = 0;
				GCC_PREPROCESSOR_DEFINITIONS = (
					"DEBUG=1",
					"$(inherited)",
				);
				GCC_WARN_64_TO_32_BIT_CONVERSION = YES;
				GCC_WARN_ABOUT_RETURN_TYPE = YES_ERROR;
				GCC_WARN_UNDECLARED_SELECTOR = YES;
				GCC_WARN_UNINITIALIZED_AUTOS = YES_AGGRESSIVE;
				GCC_WARN_UNUSED_FUNCTION = YES;
				GCC_WARN_UNUSED_VARIABLE = YES;
				IPHONEOS_DEPLOYMENT_TARGET = 14.5;
				MTL_ENABLE_DEBUG_INFO = INCLUDE_SOURCE;
				MTL_FAST_MATH = YES;
				ONLY_ACTIVE_ARCH = YES;
				SDKROOT = iphoneos;
				SWIFT_ACTIVE_COMPILATION_CONDITIONS = DEBUG;
				SWIFT_OPTIMIZATION_LEVEL = "-Onone";
			};
			name = Debug;
		};
		5DD9A17A2667AFCA00B0619F /* Release */ = {
			isa = XCBuildConfiguration;
			buildSettings = {
				ALWAYS_SEARCH_USER_PATHS = NO;
				CLANG_ANALYZER_NONNULL = YES;
				CLANG_ANALYZER_NUMBER_OBJECT_CONVERSION = YES_AGGRESSIVE;
				CLANG_CXX_LANGUAGE_STANDARD = "gnu++14";
				CLANG_CXX_LIBRARY = "libc++";
				CLANG_ENABLE_MODULES = YES;
				CLANG_ENABLE_OBJC_ARC = YES;
				CLANG_ENABLE_OBJC_WEAK = YES;
				CLANG_WARN_BLOCK_CAPTURE_AUTORELEASING = YES;
				CLANG_WARN_BOOL_CONVERSION = YES;
				CLANG_WARN_COMMA = YES;
				CLANG_WARN_CONSTANT_CONVERSION = YES;
				CLANG_WARN_DEPRECATED_OBJC_IMPLEMENTATIONS = YES;
				CLANG_WARN_DIRECT_OBJC_ISA_USAGE = YES_ERROR;
				CLANG_WARN_DOCUMENTATION_COMMENTS = YES;
				CLANG_WARN_EMPTY_BODY = YES;
				CLANG_WARN_ENUM_CONVERSION = YES;
				CLANG_WARN_INFINITE_RECURSION = YES;
				CLANG_WARN_INT_CONVERSION = YES;
				CLANG_WARN_NON_LITERAL_NULL_CONVERSION = YES;
				CLANG_WARN_OBJC_IMPLICIT_RETAIN_SELF = YES;
				CLANG_WARN_OBJC_LITERAL_CONVERSION = YES;
				CLANG_WARN_OBJC_ROOT_CLASS = YES_ERROR;
				CLANG_WARN_QUOTED_INCLUDE_IN_FRAMEWORK_HEADER = YES;
				CLANG_WARN_RANGE_LOOP_ANALYSIS = YES;
				CLANG_WARN_STRICT_PROTOTYPES = YES;
				CLANG_WARN_SUSPICIOUS_MOVE = YES;
				CLANG_WARN_UNGUARDED_AVAILABILITY = YES_AGGRESSIVE;
				CLANG_WARN_UNREACHABLE_CODE = YES;
				CLANG_WARN__DUPLICATE_METHOD_MATCH = YES;
				COPY_PHASE_STRIP = NO;
				DEBUG_INFORMATION_FORMAT = "dwarf-with-dsym";
				ENABLE_NS_ASSERTIONS = NO;
				ENABLE_STRICT_OBJC_MSGSEND = YES;
				GCC_C_LANGUAGE_STANDARD = gnu11;
				GCC_NO_COMMON_BLOCKS = YES;
				GCC_WARN_64_TO_32_BIT_CONVERSION = YES;
				GCC_WARN_ABOUT_RETURN_TYPE = YES_ERROR;
				GCC_WARN_UNDECLARED_SELECTOR = YES;
				GCC_WARN_UNINITIALIZED_AUTOS = YES_AGGRESSIVE;
				GCC_WARN_UNUSED_FUNCTION = YES;
				GCC_WARN_UNUSED_VARIABLE = YES;
				IPHONEOS_DEPLOYMENT_TARGET = 14.5;
				MTL_ENABLE_DEBUG_INFO = NO;
				MTL_FAST_MATH = YES;
				SDKROOT = iphoneos;
				SWIFT_COMPILATION_MODE = wholemodule;
				SWIFT_OPTIMIZATION_LEVEL = "-O";
				VALIDATE_PRODUCT = YES;
			};
			name = Release;
		};
		5DD9A17C2667AFCA00B0619F /* Debug */ = {
			isa = XCBuildConfiguration;
			baseConfigurationReference = 4D4B03BF4EF8C81DDEB611D7 /* Pods-CounterAppWithRxSwift.debug.xcconfig */;
			buildSettings = {
				ASSETCATALOG_COMPILER_APPICON_NAME = AppIcon;
				ASSETCATALOG_COMPILER_GLOBAL_ACCENT_COLOR_NAME = AccentColor;
				CODE_SIGN_STYLE = Automatic;
				DEVELOPMENT_TEAM = 9R57QJP8SY;
				INFOPLIST_FILE = CounterAppWithRxSwift/Info.plist;
				LD_RUNPATH_SEARCH_PATHS = (
					"$(inherited)",
					"@executable_path/Frameworks",
				);
				PRODUCT_BUNDLE_IDENTIFIER = com.hidec.CounterAppWithRxSwift;
				PRODUCT_NAME = "$(TARGET_NAME)";
				SWIFT_VERSION = 5.0;
				TARGETED_DEVICE_FAMILY = "1,2";
			};
			name = Debug;
		};
		5DD9A17D2667AFCA00B0619F /* Release */ = {
			isa = XCBuildConfiguration;
			baseConfigurationReference = 7B1CADB657FD46B404D4D834 /* Pods-CounterAppWithRxSwift.release.xcconfig */;
			buildSettings = {
				ASSETCATALOG_COMPILER_APPICON_NAME = AppIcon;
				ASSETCATALOG_COMPILER_GLOBAL_ACCENT_COLOR_NAME = AccentColor;
				CODE_SIGN_STYLE = Automatic;
				DEVELOPMENT_TEAM = 9R57QJP8SY;
				INFOPLIST_FILE = CounterAppWithRxSwift/Info.plist;
				LD_RUNPATH_SEARCH_PATHS = (
					"$(inherited)",
					"@executable_path/Frameworks",
				);
				PRODUCT_BUNDLE_IDENTIFIER = com.hidec.CounterAppWithRxSwift;
				PRODUCT_NAME = "$(TARGET_NAME)";
				SWIFT_VERSION = 5.0;
				TARGETED_DEVICE_FAMILY = "1,2";
			};
			name = Release;
		};
		5DD9A17F2667AFCA00B0619F /* Debug */ = {
			isa = XCBuildConfiguration;
			baseConfigurationReference = C9665DD27E093C7F3C54A38A /* Pods-CounterAppWithRxSwiftTests.debug.xcconfig */;
			buildSettings = {
				ALWAYS_EMBED_SWIFT_STANDARD_LIBRARIES = YES;
				BUNDLE_LOADER = "$(TEST_HOST)";
				CODE_SIGN_STYLE = Automatic;
				DEVELOPMENT_TEAM = 9R57QJP8SY;
				INFOPLIST_FILE = CounterAppWithRxSwiftTests/Info.plist;
				IPHONEOS_DEPLOYMENT_TARGET = 14.5;
				LD_RUNPATH_SEARCH_PATHS = (
					"$(inherited)",
					"@executable_path/Frameworks",
					"@loader_path/Frameworks",
				);
				PRODUCT_BUNDLE_IDENTIFIER = com.hidec.CounterAppWithRxSwiftTests;
				PRODUCT_NAME = "$(TARGET_NAME)";
				SWIFT_VERSION = 5.0;
				TARGETED_DEVICE_FAMILY = "1,2";
				TEST_HOST = "$(BUILT_PRODUCTS_DIR)/CounterAppWithRxSwift.app/CounterAppWithRxSwift";
			};
			name = Debug;
		};
		5DD9A1802667AFCA00B0619F /* Release */ = {
			isa = XCBuildConfiguration;
			baseConfigurationReference = 72FCC967C29C756CCD6D26A8 /* Pods-CounterAppWithRxSwiftTests.release.xcconfig */;
			buildSettings = {
				ALWAYS_EMBED_SWIFT_STANDARD_LIBRARIES = YES;
				BUNDLE_LOADER = "$(TEST_HOST)";
				CODE_SIGN_STYLE = Automatic;
				DEVELOPMENT_TEAM = 9R57QJP8SY;
				INFOPLIST_FILE = CounterAppWithRxSwiftTests/Info.plist;
				IPHONEOS_DEPLOYMENT_TARGET = 14.5;
				LD_RUNPATH_SEARCH_PATHS = (
					"$(inherited)",
					"@executable_path/Frameworks",
					"@loader_path/Frameworks",
				);
				PRODUCT_BUNDLE_IDENTIFIER = com.hidec.CounterAppWithRxSwiftTests;
				PRODUCT_NAME = "$(TARGET_NAME)";
				SWIFT_VERSION = 5.0;
				TARGETED_DEVICE_FAMILY = "1,2";
				TEST_HOST = "$(BUILT_PRODUCTS_DIR)/CounterAppWithRxSwift.app/CounterAppWithRxSwift";
			};
			name = Release;
		};
		5DD9A1822667AFCA00B0619F /* Debug */ = {
			isa = XCBuildConfiguration;
			baseConfigurationReference = 409BC4692B2033CC738E1484 /* Pods-CounterAppWithRxSwift-CounterAppWithRxSwiftUITests.debug.xcconfig */;
			buildSettings = {
				ALWAYS_EMBED_SWIFT_STANDARD_LIBRARIES = YES;
				CODE_SIGN_STYLE = Automatic;
				DEVELOPMENT_TEAM = 9R57QJP8SY;
				INFOPLIST_FILE = CounterAppWithRxSwiftUITests/Info.plist;
				LD_RUNPATH_SEARCH_PATHS = (
					"$(inherited)",
					"@executable_path/Frameworks",
					"@loader_path/Frameworks",
				);
				PRODUCT_BUNDLE_IDENTIFIER = com.hidec.CounterAppWithRxSwiftUITests;
				PRODUCT_NAME = "$(TARGET_NAME)";
				SWIFT_VERSION = 5.0;
				TARGETED_DEVICE_FAMILY = "1,2";
				TEST_TARGET_NAME = CounterAppWithRxSwift;
			};
			name = Debug;
		};
		5DD9A1832667AFCA00B0619F /* Release */ = {
			isa = XCBuildConfiguration;
			baseConfigurationReference = 00B5EF49EAD2925B2C228F0B /* Pods-CounterAppWithRxSwift-CounterAppWithRxSwiftUITests.release.xcconfig */;
			buildSettings = {
				ALWAYS_EMBED_SWIFT_STANDARD_LIBRARIES = YES;
				CODE_SIGN_STYLE = Automatic;
				DEVELOPMENT_TEAM = 9R57QJP8SY;
				INFOPLIST_FILE = CounterAppWithRxSwiftUITests/Info.plist;
				LD_RUNPATH_SEARCH_PATHS = (
					"$(inherited)",
					"@executable_path/Frameworks",
					"@loader_path/Frameworks",
				);
				PRODUCT_BUNDLE_IDENTIFIER = com.hidec.CounterAppWithRxSwiftUITests;
				PRODUCT_NAME = "$(TARGET_NAME)";
				SWIFT_VERSION = 5.0;
				TARGETED_DEVICE_FAMILY = "1,2";
				TEST_TARGET_NAME = CounterAppWithRxSwift;
			};
			name = Release;
		};
/* End XCBuildConfiguration section */

/* Begin XCConfigurationList section */
		5DD9A14C2667AFBF00B0619F /* Build configuration list for PBXProject "CounterAppWithRxSwift" */ = {
			isa = XCConfigurationList;
			buildConfigurations = (
				5DD9A1792667AFCA00B0619F /* Debug */,
				5DD9A17A2667AFCA00B0619F /* Release */,
			);
			defaultConfigurationIsVisible = 0;
			defaultConfigurationName = Release;
		};
		5DD9A17B2667AFCA00B0619F /* Build configuration list for PBXNativeTarget "CounterAppWithRxSwift" */ = {
			isa = XCConfigurationList;
			buildConfigurations = (
				5DD9A17C2667AFCA00B0619F /* Debug */,
				5DD9A17D2667AFCA00B0619F /* Release */,
			);
			defaultConfigurationIsVisible = 0;
			defaultConfigurationName = Release;
		};
		5DD9A17E2667AFCA00B0619F /* Build configuration list for PBXNativeTarget "CounterAppWithRxSwiftTests" */ = {
			isa = XCConfigurationList;
			buildConfigurations = (
				5DD9A17F2667AFCA00B0619F /* Debug */,
				5DD9A1802667AFCA00B0619F /* Release */,
			);
			defaultConfigurationIsVisible = 0;
			defaultConfigurationName = Release;
		};
		5DD9A1812667AFCA00B0619F /* Build configuration list for PBXNativeTarget "CounterAppWithRxSwiftUITests" */ = {
			isa = XCConfigurationList;
			buildConfigurations = (
				5DD9A1822667AFCA00B0619F /* Debug */,
				5DD9A1832667AFCA00B0619F /* Release */,
			);
			defaultConfigurationIsVisible = 0;
			defaultConfigurationName = Release;
		};
/* End XCConfigurationList section */
	};
	rootObject = 5DD9A1492667AFBF00B0619F /* Project object */;
}
